
Microsoft Visual Studio Solution File, Format Version 12.00
Project("{2150E333-8FDC-42A3-9474-1A3956D46DE8}") = "Core", "Core", "{9F1DF61C-58AA-4B4A-AE31-22C0D335B3D5}"
EndProject
Project("{2150E333-8FDC-42A3-9474-1A3956D46DE8}") = "Features", "Features", "{0EC9D4BF-E30E-4D9E-9F7B-35C26A7CFFCB}"
EndProject
Project("{2150E333-8FDC-42A3-9474-1A3956D46DE8}") = "Infrastructure", "Infrastructure", "{75A0AF8C-1B1D-44F8-9E4E-9B6D49A7C59D}"
EndProject
Project("{FAE04EC0-301F-11D3-BF4B-00C04F79EFBC}") = "Ecliptix.Core", "Ecliptix.Core\Ecliptix.Core\Ecliptix.Core.csproj", "{F8411210-42D1-4D54-AAA3-8C57F179A5F7}"
EndProject
Project("{FAE04EC0-301F-11D3-BF4B-00C04F79EFBC}") = "Ecliptix.Core.Modularity", "Ecliptix.Core.Modularity\Ecliptix.Core.Modularity.csproj", "{0C8A301E-16C5-4A17-89C5-0A0FA8EFA7B5}"
EndProject
Project("{FAE04EC0-301F-11D3-BF4B-00C04F79EFBC}") = "Ecliptix.Core.Desktop", "Ecliptix.Core\Ecliptix.Core.Desktop\Ecliptix.Core.Desktop.csproj", "{EECCED89-B23E-468B-AE2F-23613DFCE343}"
EndProject
Project("{FAE04EC0-301F-11D3-BF4B-00C04F79EFBC}") = "Ecliptix.Protected.Protocol", "Ecliptix.Protected.Protocol\Ecliptix.Protected.Protocol.csproj", "{DEB95944-77A1-4590-88E9-C813984D94E9}"
EndProject
Project("{FAE04EC0-301F-11D3-BF4B-00C04F79EFBC}") = "Ecliptix.Protobufs", "Ecliptix.Protobufs\Ecliptix.Protobufs.csproj", "{3EC9C1AC-0D9F-4D9F-ABC3-FF6D50575FEB}"
EndProject
Project("{FAE04EC0-301F-11D3-BF4B-00C04F79EFBC}") = "Ecliptix.Opaque.Protocol", "Ecliptix.Opaque.Protocol\Ecliptix.Opaque.Protocol.csproj", "{4CBC7393-99E5-47EA-BA16-EA22D920D627}"
EndProject
Project("{FAE04EC0-301F-11D3-BF4B-00C04F79EFBC}") = "Ecliptix.Utilities", "Ecliptix.Utilities\Ecliptix.Utilities.csproj", "{05F2DAF4-B21B-4429-966C-029EAA1924BB}"
EndProject
Project("{FAE04EC0-301F-11D3-BF4B-00C04F79EFBC}") = "Ecliptix.Security.Certificate.Pinning", "Ecliptix.Security.Certificate.Pinning\Ecliptix.Security.Certificate.Pinning.csproj", "{E47446A5-06B8-443F-BA8E-E4CA0BD1BC85}"
EndProject
Project("{FAE04EC0-301F-11D3-BF4B-00C04F79EFBC}") = "Ecliptix.Feature.Authentication", "Ecliptix.Feature.Authentication\Ecliptix.Feature.Authentication.csproj", "{AC4D8FE1-E504-4899-BABA-B940BE94E519}"
EndProject
Project("{FAE04EC0-301F-11D3-BF4B-00C04F79EFBC}") = "Ecliptix.Feature.Chats", "Ecliptix.Feature.Chats\Ecliptix.Feature.Chats.csproj", "{5FE01026-C60B-464D-8594-BC2ADBBA7E7E}"
EndProject
Project("{FAE04EC0-301F-11D3-BF4B-00C04F79EFBC}") = "Ecliptix.Feature.Feed", "Ecliptix.Feature.Feed\Ecliptix.Feature.Feed.csproj", "{4CA4F8DC-6EE8-4025-A4B1-1B0A61FAB2D1}"
EndProject
Project("{FAE04EC0-301F-11D3-BF4B-00C04F79EFBC}") = "Ecliptix.Feature.Profile", "Ecliptix.Feature.Profile\Ecliptix.Feature.Profile.csproj", "{A49261B8-85A7-43D7-9A4E-1A22EAC4AAB4}"
EndProject
Project("{FAE04EC0-301F-11D3-BF4B-00C04F79EFBC}") = "Ecliptix.Feature.Main", "Ecliptix.Feature.Main\Ecliptix.Feature.Main.csproj", "{B357CEA9-A4EE-4618-9058-43D0EDE9A7AD}"
EndProject
Project("{FAE04EC0-301F-11D3-BF4B-00C04F79EFBC}") = "Ecliptix.Feature.Settings", "Ecliptix.Feature.Settings\Ecliptix.Feature.Settings.csproj", "{C31C0603-EB13-4835-9DCE-B733F5ECBB4A}"
EndProject
Project("{FAE04EC0-301F-11D3-BF4B-00C04F79EFBC}") = "Ecliptix.Feature.Splash", "Ecliptix.Feature.Splash\Ecliptix.Feature.Splash.csproj", "{A27CE962-A7B3-4B84-B024-27EEB8264B6A}"
EndProject
Project("{FAE04EC0-301F-11D3-BF4B-00C04F79EFBC}") = "Ecliptix.Feature.Suggestions", "Ecliptix.Feature.Suggestions\Ecliptix.Feature.Suggestions.csproj", "{B1B74D95-C38B-448A-B4EC-6F6B2EF313B1}"
EndProject
Project("{FAE04EC0-301F-11D3-BF4B-00C04F79EFBC}") = "Ecliptix.Network", "Ecliptix.Network\Ecliptix.Network.csproj", "{8F53E028-C64A-4C03-8171-B54FBEFC7B2B}"
EndProject
Project("{FAE04EC0-301F-11D3-BF4B-00C04F79EFBC}") = "Ecliptix.Core.Messaging", "Ecliptix.Core.Messaging\Ecliptix.Core.Messaging.csproj", "{A1DCDA8C-F2F5-420A-A607-A828E6BD5BF8}"
EndProject
Project("{FAE04EC0-301F-11D3-BF4B-00C04F79EFBC}") = "Ecliptix.Contracts", "Ecliptix.Contracts\Ecliptix.Contracts.csproj", "{1A1EAF40-0635-4E29-9152-5C8D9B6E42F3}"
EndProject
Project("{FAE04EC0-301F-11D3-BF4B-00C04F79EFBC}") = "Ecliptix.Feature.NewContent", "Ecliptix.Feature.NewContent\Ecliptix.Feature.NewContent.csproj", "{CD010357-E305-43B4-88F9-BEACB984035D}"
EndProject
Global
	GlobalSection(SolutionConfigurationPlatforms) = preSolution
		Debug|Any CPU = Debug|Any CPU
		Debug|x64 = Debug|x64
		Debug|x86 = Debug|x86
		Release|Any CPU = Release|Any CPU
		Release|x64 = Release|x64
		Release|x86 = Release|x86
	EndGlobalSection
	GlobalSection(ProjectConfigurationPlatforms) = postSolution
		{F8411210-42D1-4D54-AAA3-8C57F179A5F7}.Debug|Any CPU.ActiveCfg = Debug|Any CPU
		{F8411210-42D1-4D54-AAA3-8C57F179A5F7}.Debug|Any CPU.Build.0 = Debug|Any CPU
		{F8411210-42D1-4D54-AAA3-8C57F179A5F7}.Debug|x64.ActiveCfg = Debug|Any CPU
		{F8411210-42D1-4D54-AAA3-8C57F179A5F7}.Debug|x64.Build.0 = Debug|Any CPU
		{F8411210-42D1-4D54-AAA3-8C57F179A5F7}.Debug|x86.ActiveCfg = Debug|Any CPU
		{F8411210-42D1-4D54-AAA3-8C57F179A5F7}.Debug|x86.Build.0 = Debug|Any CPU
		{F8411210-42D1-4D54-AAA3-8C57F179A5F7}.Release|Any CPU.ActiveCfg = Release|Any CPU
		{F8411210-42D1-4D54-AAA3-8C57F179A5F7}.Release|Any CPU.Build.0 = Release|Any CPU
		{F8411210-42D1-4D54-AAA3-8C57F179A5F7}.Release|x64.ActiveCfg = Release|Any CPU
		{F8411210-42D1-4D54-AAA3-8C57F179A5F7}.Release|x64.Build.0 = Release|Any CPU
		{F8411210-42D1-4D54-AAA3-8C57F179A5F7}.Release|x86.ActiveCfg = Release|Any CPU
		{F8411210-42D1-4D54-AAA3-8C57F179A5F7}.Release|x86.Build.0 = Release|Any CPU
		{0C8A301E-16C5-4A17-89C5-0A0FA8EFA7B5}.Debug|Any CPU.ActiveCfg = Debug|Any CPU
		{0C8A301E-16C5-4A17-89C5-0A0FA8EFA7B5}.Debug|Any CPU.Build.0 = Debug|Any CPU
		{0C8A301E-16C5-4A17-89C5-0A0FA8EFA7B5}.Debug|x64.ActiveCfg = Debug|Any CPU
		{0C8A301E-16C5-4A17-89C5-0A0FA8EFA7B5}.Debug|x64.Build.0 = Debug|Any CPU
		{0C8A301E-16C5-4A17-89C5-0A0FA8EFA7B5}.Debug|x86.ActiveCfg = Debug|Any CPU
		{0C8A301E-16C5-4A17-89C5-0A0FA8EFA7B5}.Debug|x86.Build.0 = Debug|Any CPU
		{0C8A301E-16C5-4A17-89C5-0A0FA8EFA7B5}.Release|Any CPU.ActiveCfg = Release|Any CPU
		{0C8A301E-16C5-4A17-89C5-0A0FA8EFA7B5}.Release|Any CPU.Build.0 = Release|Any CPU
		{0C8A301E-16C5-4A17-89C5-0A0FA8EFA7B5}.Release|x64.ActiveCfg = Release|Any CPU
		{0C8A301E-16C5-4A17-89C5-0A0FA8EFA7B5}.Release|x64.Build.0 = Release|Any CPU
		{0C8A301E-16C5-4A17-89C5-0A0FA8EFA7B5}.Release|x86.ActiveCfg = Release|Any CPU
		{0C8A301E-16C5-4A17-89C5-0A0FA8EFA7B5}.Release|x86.Build.0 = Release|Any CPU
		{EECCED89-B23E-468B-AE2F-23613DFCE343}.Debug|Any CPU.ActiveCfg = Debug|Any CPU
		{EECCED89-B23E-468B-AE2F-23613DFCE343}.Debug|Any CPU.Build.0 = Debug|Any CPU
		{EECCED89-B23E-468B-AE2F-23613DFCE343}.Debug|x64.ActiveCfg = Debug|Any CPU
		{EECCED89-B23E-468B-AE2F-23613DFCE343}.Debug|x64.Build.0 = Debug|Any CPU
		{EECCED89-B23E-468B-AE2F-23613DFCE343}.Debug|x86.ActiveCfg = Debug|Any CPU
		{EECCED89-B23E-468B-AE2F-23613DFCE343}.Debug|x86.Build.0 = Debug|Any CPU
		{EECCED89-B23E-468B-AE2F-23613DFCE343}.Release|Any CPU.ActiveCfg = Release|Any CPU
		{EECCED89-B23E-468B-AE2F-23613DFCE343}.Release|Any CPU.Build.0 = Release|Any CPU
		{EECCED89-B23E-468B-AE2F-23613DFCE343}.Release|x64.ActiveCfg = Release|Any CPU
		{EECCED89-B23E-468B-AE2F-23613DFCE343}.Release|x64.Build.0 = Release|Any CPU
		{EECCED89-B23E-468B-AE2F-23613DFCE343}.Release|x86.ActiveCfg = Release|Any CPU
		{EECCED89-B23E-468B-AE2F-23613DFCE343}.Release|x86.Build.0 = Release|Any CPU
		{DEB95944-77A1-4590-88E9-C813984D94E9}.Debug|Any CPU.ActiveCfg = Debug|Any CPU
		{DEB95944-77A1-4590-88E9-C813984D94E9}.Debug|Any CPU.Build.0 = Debug|Any CPU
		{DEB95944-77A1-4590-88E9-C813984D94E9}.Debug|x64.ActiveCfg = Debug|Any CPU
		{DEB95944-77A1-4590-88E9-C813984D94E9}.Debug|x64.Build.0 = Debug|Any CPU
		{DEB95944-77A1-4590-88E9-C813984D94E9}.Debug|x86.ActiveCfg = Debug|Any CPU
		{DEB95944-77A1-4590-88E9-C813984D94E9}.Debug|x86.Build.0 = Debug|Any CPU
		{DEB95944-77A1-4590-88E9-C813984D94E9}.Release|Any CPU.ActiveCfg = Release|Any CPU
		{DEB95944-77A1-4590-88E9-C813984D94E9}.Release|Any CPU.Build.0 = Release|Any CPU
		{DEB95944-77A1-4590-88E9-C813984D94E9}.Release|x64.ActiveCfg = Release|Any CPU
		{DEB95944-77A1-4590-88E9-C813984D94E9}.Release|x64.Build.0 = Release|Any CPU
		{DEB95944-77A1-4590-88E9-C813984D94E9}.Release|x86.ActiveCfg = Release|Any CPU
		{DEB95944-77A1-4590-88E9-C813984D94E9}.Release|x86.Build.0 = Release|Any CPU
		{3EC9C1AC-0D9F-4D9F-ABC3-FF6D50575FEB}.Debug|Any CPU.ActiveCfg = Debug|Any CPU
		{3EC9C1AC-0D9F-4D9F-ABC3-FF6D50575FEB}.Debug|Any CPU.Build.0 = Debug|Any CPU
		{3EC9C1AC-0D9F-4D9F-ABC3-FF6D50575FEB}.Debug|x64.ActiveCfg = Debug|Any CPU
		{3EC9C1AC-0D9F-4D9F-ABC3-FF6D50575FEB}.Debug|x64.Build.0 = Debug|Any CPU
		{3EC9C1AC-0D9F-4D9F-ABC3-FF6D50575FEB}.Debug|x86.ActiveCfg = Debug|Any CPU
		{3EC9C1AC-0D9F-4D9F-ABC3-FF6D50575FEB}.Debug|x86.Build.0 = Debug|Any CPU
		{3EC9C1AC-0D9F-4D9F-ABC3-FF6D50575FEB}.Release|Any CPU.ActiveCfg = Release|Any CPU
		{3EC9C1AC-0D9F-4D9F-ABC3-FF6D50575FEB}.Release|Any CPU.Build.0 = Release|Any CPU
		{3EC9C1AC-0D9F-4D9F-ABC3-FF6D50575FEB}.Release|x64.ActiveCfg = Release|Any CPU
		{3EC9C1AC-0D9F-4D9F-ABC3-FF6D50575FEB}.Release|x64.Build.0 = Release|Any CPU
		{3EC9C1AC-0D9F-4D9F-ABC3-FF6D50575FEB}.Release|x86.ActiveCfg = Release|Any CPU
		{3EC9C1AC-0D9F-4D9F-ABC3-FF6D50575FEB}.Release|x86.Build.0 = Release|Any CPU
		{4CBC7393-99E5-47EA-BA16-EA22D920D627}.Debug|Any CPU.ActiveCfg = Debug|Any CPU
		{4CBC7393-99E5-47EA-BA16-EA22D920D627}.Debug|Any CPU.Build.0 = Debug|Any CPU
		{4CBC7393-99E5-47EA-BA16-EA22D920D627}.Debug|x64.ActiveCfg = Debug|Any CPU
		{4CBC7393-99E5-47EA-BA16-EA22D920D627}.Debug|x64.Build.0 = Debug|Any CPU
		{4CBC7393-99E5-47EA-BA16-EA22D920D627}.Debug|x86.ActiveCfg = Debug|Any CPU
		{4CBC7393-99E5-47EA-BA16-EA22D920D627}.Debug|x86.Build.0 = Debug|Any CPU
		{4CBC7393-99E5-47EA-BA16-EA22D920D627}.Release|Any CPU.ActiveCfg = Release|Any CPU
		{4CBC7393-99E5-47EA-BA16-EA22D920D627}.Release|Any CPU.Build.0 = Release|Any CPU
		{4CBC7393-99E5-47EA-BA16-EA22D920D627}.Release|x64.ActiveCfg = Release|Any CPU
		{4CBC7393-99E5-47EA-BA16-EA22D920D627}.Release|x64.Build.0 = Release|Any CPU
		{4CBC7393-99E5-47EA-BA16-EA22D920D627}.Release|x86.ActiveCfg = Release|Any CPU
		{4CBC7393-99E5-47EA-BA16-EA22D920D627}.Release|x86.Build.0 = Release|Any CPU
		{05F2DAF4-B21B-4429-966C-029EAA1924BB}.Debug|Any CPU.ActiveCfg = Debug|Any CPU
		{05F2DAF4-B21B-4429-966C-029EAA1924BB}.Debug|Any CPU.Build.0 = Debug|Any CPU
		{05F2DAF4-B21B-4429-966C-029EAA1924BB}.Debug|x64.ActiveCfg = Debug|Any CPU
		{05F2DAF4-B21B-4429-966C-029EAA1924BB}.Debug|x64.Build.0 = Debug|Any CPU
		{05F2DAF4-B21B-4429-966C-029EAA1924BB}.Debug|x86.ActiveCfg = Debug|Any CPU
		{05F2DAF4-B21B-4429-966C-029EAA1924BB}.Debug|x86.Build.0 = Debug|Any CPU
		{05F2DAF4-B21B-4429-966C-029EAA1924BB}.Release|Any CPU.ActiveCfg = Release|Any CPU
		{05F2DAF4-B21B-4429-966C-029EAA1924BB}.Release|Any CPU.Build.0 = Release|Any CPU
		{05F2DAF4-B21B-4429-966C-029EAA1924BB}.Release|x64.ActiveCfg = Release|Any CPU
		{05F2DAF4-B21B-4429-966C-029EAA1924BB}.Release|x64.Build.0 = Release|Any CPU
		{05F2DAF4-B21B-4429-966C-029EAA1924BB}.Release|x86.ActiveCfg = Release|Any CPU
		{05F2DAF4-B21B-4429-966C-029EAA1924BB}.Release|x86.Build.0 = Release|Any CPU
		{E47446A5-06B8-443F-BA8E-E4CA0BD1BC85}.Debug|Any CPU.ActiveCfg = Debug|Any CPU
		{E47446A5-06B8-443F-BA8E-E4CA0BD1BC85}.Debug|Any CPU.Build.0 = Debug|Any CPU
		{E47446A5-06B8-443F-BA8E-E4CA0BD1BC85}.Debug|x64.ActiveCfg = Debug|Any CPU
		{E47446A5-06B8-443F-BA8E-E4CA0BD1BC85}.Debug|x64.Build.0 = Debug|Any CPU
		{E47446A5-06B8-443F-BA8E-E4CA0BD1BC85}.Debug|x86.ActiveCfg = Debug|Any CPU
		{E47446A5-06B8-443F-BA8E-E4CA0BD1BC85}.Debug|x86.Build.0 = Debug|Any CPU
		{E47446A5-06B8-443F-BA8E-E4CA0BD1BC85}.Release|Any CPU.ActiveCfg = Release|Any CPU
		{E47446A5-06B8-443F-BA8E-E4CA0BD1BC85}.Release|Any CPU.Build.0 = Release|Any CPU
		{E47446A5-06B8-443F-BA8E-E4CA0BD1BC85}.Release|x64.ActiveCfg = Release|Any CPU
		{E47446A5-06B8-443F-BA8E-E4CA0BD1BC85}.Release|x64.Build.0 = Release|Any CPU
		{E47446A5-06B8-443F-BA8E-E4CA0BD1BC85}.Release|x86.ActiveCfg = Release|Any CPU
		{E47446A5-06B8-443F-BA8E-E4CA0BD1BC85}.Release|x86.Build.0 = Release|Any CPU
		{AC4D8FE1-E504-4899-BABA-B940BE94E519}.Debug|Any CPU.ActiveCfg = Debug|Any CPU
		{AC4D8FE1-E504-4899-BABA-B940BE94E519}.Debug|Any CPU.Build.0 = Debug|Any CPU
		{AC4D8FE1-E504-4899-BABA-B940BE94E519}.Debug|x64.ActiveCfg = Debug|Any CPU
		{AC4D8FE1-E504-4899-BABA-B940BE94E519}.Debug|x64.Build.0 = Debug|Any CPU
		{AC4D8FE1-E504-4899-BABA-B940BE94E519}.Debug|x86.ActiveCfg = Debug|Any CPU
		{AC4D8FE1-E504-4899-BABA-B940BE94E519}.Debug|x86.Build.0 = Debug|Any CPU
		{AC4D8FE1-E504-4899-BABA-B940BE94E519}.Release|Any CPU.ActiveCfg = Release|Any CPU
		{AC4D8FE1-E504-4899-BABA-B940BE94E519}.Release|Any CPU.Build.0 = Release|Any CPU
		{AC4D8FE1-E504-4899-BABA-B940BE94E519}.Release|x64.ActiveCfg = Release|Any CPU
		{AC4D8FE1-E504-4899-BABA-B940BE94E519}.Release|x64.Build.0 = Release|Any CPU
		{AC4D8FE1-E504-4899-BABA-B940BE94E519}.Release|x86.ActiveCfg = Release|Any CPU
		{AC4D8FE1-E504-4899-BABA-B940BE94E519}.Release|x86.Build.0 = Release|Any CPU
		{5FE01026-C60B-464D-8594-BC2ADBBA7E7E}.Debug|Any CPU.ActiveCfg = Debug|Any CPU
		{5FE01026-C60B-464D-8594-BC2ADBBA7E7E}.Debug|Any CPU.Build.0 = Debug|Any CPU
		{5FE01026-C60B-464D-8594-BC2ADBBA7E7E}.Debug|x64.ActiveCfg = Debug|Any CPU
		{5FE01026-C60B-464D-8594-BC2ADBBA7E7E}.Debug|x64.Build.0 = Debug|Any CPU
		{5FE01026-C60B-464D-8594-BC2ADBBA7E7E}.Debug|x86.ActiveCfg = Debug|Any CPU
		{5FE01026-C60B-464D-8594-BC2ADBBA7E7E}.Debug|x86.Build.0 = Debug|Any CPU
		{5FE01026-C60B-464D-8594-BC2ADBBA7E7E}.Release|Any CPU.ActiveCfg = Release|Any CPU
		{5FE01026-C60B-464D-8594-BC2ADBBA7E7E}.Release|Any CPU.Build.0 = Release|Any CPU
		{5FE01026-C60B-464D-8594-BC2ADBBA7E7E}.Release|x64.ActiveCfg = Release|Any CPU
		{5FE01026-C60B-464D-8594-BC2ADBBA7E7E}.Release|x64.Build.0 = Release|Any CPU
		{5FE01026-C60B-464D-8594-BC2ADBBA7E7E}.Release|x86.ActiveCfg = Release|Any CPU
		{5FE01026-C60B-464D-8594-BC2ADBBA7E7E}.Release|x86.Build.0 = Release|Any CPU
		{4CA4F8DC-6EE8-4025-A4B1-1B0A61FAB2D1}.Debug|Any CPU.ActiveCfg = Debug|Any CPU
		{4CA4F8DC-6EE8-4025-A4B1-1B0A61FAB2D1}.Debug|Any CPU.Build.0 = Debug|Any CPU
		{4CA4F8DC-6EE8-4025-A4B1-1B0A61FAB2D1}.Debug|x64.ActiveCfg = Debug|Any CPU
		{4CA4F8DC-6EE8-4025-A4B1-1B0A61FAB2D1}.Debug|x64.Build.0 = Debug|Any CPU
		{4CA4F8DC-6EE8-4025-A4B1-1B0A61FAB2D1}.Debug|x86.ActiveCfg = Debug|Any CPU
		{4CA4F8DC-6EE8-4025-A4B1-1B0A61FAB2D1}.Debug|x86.Build.0 = Debug|Any CPU
		{4CA4F8DC-6EE8-4025-A4B1-1B0A61FAB2D1}.Release|Any CPU.ActiveCfg = Release|Any CPU
		{4CA4F8DC-6EE8-4025-A4B1-1B0A61FAB2D1}.Release|Any CPU.Build.0 = Release|Any CPU
		{4CA4F8DC-6EE8-4025-A4B1-1B0A61FAB2D1}.Release|x64.ActiveCfg = Release|Any CPU
		{4CA4F8DC-6EE8-4025-A4B1-1B0A61FAB2D1}.Release|x64.Build.0 = Release|Any CPU
		{4CA4F8DC-6EE8-4025-A4B1-1B0A61FAB2D1}.Release|x86.ActiveCfg = Release|Any CPU
		{4CA4F8DC-6EE8-4025-A4B1-1B0A61FAB2D1}.Release|x86.Build.0 = Release|Any CPU
		{A49261B8-85A7-43D7-9A4E-1A22EAC4AAB4}.Debug|Any CPU.ActiveCfg = Debug|Any CPU
		{A49261B8-85A7-43D7-9A4E-1A22EAC4AAB4}.Debug|Any CPU.Build.0 = Debug|Any CPU
		{A49261B8-85A7-43D7-9A4E-1A22EAC4AAB4}.Debug|x64.ActiveCfg = Debug|Any CPU
		{A49261B8-85A7-43D7-9A4E-1A22EAC4AAB4}.Debug|x64.Build.0 = Debug|Any CPU
		{A49261B8-85A7-43D7-9A4E-1A22EAC4AAB4}.Debug|x86.ActiveCfg = Debug|Any CPU
		{A49261B8-85A7-43D7-9A4E-1A22EAC4AAB4}.Debug|x86.Build.0 = Debug|Any CPU
		{A49261B8-85A7-43D7-9A4E-1A22EAC4AAB4}.Release|Any CPU.ActiveCfg = Release|Any CPU
		{A49261B8-85A7-43D7-9A4E-1A22EAC4AAB4}.Release|Any CPU.Build.0 = Release|Any CPU
		{A49261B8-85A7-43D7-9A4E-1A22EAC4AAB4}.Release|x64.ActiveCfg = Release|Any CPU
		{A49261B8-85A7-43D7-9A4E-1A22EAC4AAB4}.Release|x64.Build.0 = Release|Any CPU
		{A49261B8-85A7-43D7-9A4E-1A22EAC4AAB4}.Release|x86.ActiveCfg = Release|Any CPU
		{A49261B8-85A7-43D7-9A4E-1A22EAC4AAB4}.Release|x86.Build.0 = Release|Any CPU
		{B357CEA9-A4EE-4618-9058-43D0EDE9A7AD}.Debug|Any CPU.ActiveCfg = Debug|Any CPU
		{B357CEA9-A4EE-4618-9058-43D0EDE9A7AD}.Debug|Any CPU.Build.0 = Debug|Any CPU
		{B357CEA9-A4EE-4618-9058-43D0EDE9A7AD}.Debug|x64.ActiveCfg = Debug|Any CPU
		{B357CEA9-A4EE-4618-9058-43D0EDE9A7AD}.Debug|x64.Build.0 = Debug|Any CPU
		{B357CEA9-A4EE-4618-9058-43D0EDE9A7AD}.Debug|x86.ActiveCfg = Debug|Any CPU
		{B357CEA9-A4EE-4618-9058-43D0EDE9A7AD}.Debug|x86.Build.0 = Debug|Any CPU
		{B357CEA9-A4EE-4618-9058-43D0EDE9A7AD}.Release|Any CPU.ActiveCfg = Release|Any CPU
		{B357CEA9-A4EE-4618-9058-43D0EDE9A7AD}.Release|Any CPU.Build.0 = Release|Any CPU
		{B357CEA9-A4EE-4618-9058-43D0EDE9A7AD}.Release|x64.ActiveCfg = Release|Any CPU
		{B357CEA9-A4EE-4618-9058-43D0EDE9A7AD}.Release|x64.Build.0 = Release|Any CPU
		{B357CEA9-A4EE-4618-9058-43D0EDE9A7AD}.Release|x86.ActiveCfg = Release|Any CPU
		{B357CEA9-A4EE-4618-9058-43D0EDE9A7AD}.Release|x86.Build.0 = Release|Any CPU
		{C31C0603-EB13-4835-9DCE-B733F5ECBB4A}.Debug|Any CPU.ActiveCfg = Debug|Any CPU
		{C31C0603-EB13-4835-9DCE-B733F5ECBB4A}.Debug|Any CPU.Build.0 = Debug|Any CPU
		{C31C0603-EB13-4835-9DCE-B733F5ECBB4A}.Debug|x64.ActiveCfg = Debug|Any CPU
		{C31C0603-EB13-4835-9DCE-B733F5ECBB4A}.Debug|x64.Build.0 = Debug|Any CPU
		{C31C0603-EB13-4835-9DCE-B733F5ECBB4A}.Debug|x86.ActiveCfg = Debug|Any CPU
		{C31C0603-EB13-4835-9DCE-B733F5ECBB4A}.Debug|x86.Build.0 = Debug|Any CPU
		{C31C0603-EB13-4835-9DCE-B733F5ECBB4A}.Release|Any CPU.ActiveCfg = Release|Any CPU
		{C31C0603-EB13-4835-9DCE-B733F5ECBB4A}.Release|Any CPU.Build.0 = Release|Any CPU
		{C31C0603-EB13-4835-9DCE-B733F5ECBB4A}.Release|x64.ActiveCfg = Release|Any CPU
		{C31C0603-EB13-4835-9DCE-B733F5ECBB4A}.Release|x64.Build.0 = Release|Any CPU
		{C31C0603-EB13-4835-9DCE-B733F5ECBB4A}.Release|x86.ActiveCfg = Release|Any CPU
		{C31C0603-EB13-4835-9DCE-B733F5ECBB4A}.Release|x86.Build.0 = Release|Any CPU
		{A27CE962-A7B3-4B84-B024-27EEB8264B6A}.Debug|Any CPU.ActiveCfg = Debug|Any CPU
		{A27CE962-A7B3-4B84-B024-27EEB8264B6A}.Debug|Any CPU.Build.0 = Debug|Any CPU
		{A27CE962-A7B3-4B84-B024-27EEB8264B6A}.Debug|x64.ActiveCfg = Debug|Any CPU
		{A27CE962-A7B3-4B84-B024-27EEB8264B6A}.Debug|x64.Build.0 = Debug|Any CPU
		{A27CE962-A7B3-4B84-B024-27EEB8264B6A}.Debug|x86.ActiveCfg = Debug|Any CPU
		{A27CE962-A7B3-4B84-B024-27EEB8264B6A}.Debug|x86.Build.0 = Debug|Any CPU
		{A27CE962-A7B3-4B84-B024-27EEB8264B6A}.Release|Any CPU.ActiveCfg = Release|Any CPU
		{A27CE962-A7B3-4B84-B024-27EEB8264B6A}.Release|Any CPU.Build.0 = Release|Any CPU
		{A27CE962-A7B3-4B84-B024-27EEB8264B6A}.Release|x64.ActiveCfg = Release|Any CPU
		{A27CE962-A7B3-4B84-B024-27EEB8264B6A}.Release|x64.Build.0 = Release|Any CPU
		{A27CE962-A7B3-4B84-B024-27EEB8264B6A}.Release|x86.ActiveCfg = Release|Any CPU
		{A27CE962-A7B3-4B84-B024-27EEB8264B6A}.Release|x86.Build.0 = Release|Any CPU
		{B1B74D95-C38B-448A-B4EC-6F6B2EF313B1}.Debug|Any CPU.ActiveCfg = Debug|Any CPU
		{B1B74D95-C38B-448A-B4EC-6F6B2EF313B1}.Debug|Any CPU.Build.0 = Debug|Any CPU
		{B1B74D95-C38B-448A-B4EC-6F6B2EF313B1}.Debug|x64.ActiveCfg = Debug|Any CPU
		{B1B74D95-C38B-448A-B4EC-6F6B2EF313B1}.Debug|x64.Build.0 = Debug|Any CPU
		{B1B74D95-C38B-448A-B4EC-6F6B2EF313B1}.Debug|x86.ActiveCfg = Debug|Any CPU
		{B1B74D95-C38B-448A-B4EC-6F6B2EF313B1}.Debug|x86.Build.0 = Debug|Any CPU
		{B1B74D95-C38B-448A-B4EC-6F6B2EF313B1}.Release|Any CPU.ActiveCfg = Release|Any CPU
		{B1B74D95-C38B-448A-B4EC-6F6B2EF313B1}.Release|Any CPU.Build.0 = Release|Any CPU
		{B1B74D95-C38B-448A-B4EC-6F6B2EF313B1}.Release|x64.ActiveCfg = Release|Any CPU
		{B1B74D95-C38B-448A-B4EC-6F6B2EF313B1}.Release|x64.Build.0 = Release|Any CPU
		{B1B74D95-C38B-448A-B4EC-6F6B2EF313B1}.Release|x86.ActiveCfg = Release|Any CPU
		{B1B74D95-C38B-448A-B4EC-6F6B2EF313B1}.Release|x86.Build.0 = Release|Any CPU
		{8F53E028-C64A-4C03-8171-B54FBEFC7B2B}.Debug|Any CPU.ActiveCfg = Debug|Any CPU
		{8F53E028-C64A-4C03-8171-B54FBEFC7B2B}.Debug|Any CPU.Build.0 = Debug|Any CPU
		{8F53E028-C64A-4C03-8171-B54FBEFC7B2B}.Debug|x64.ActiveCfg = Debug|Any CPU
		{8F53E028-C64A-4C03-8171-B54FBEFC7B2B}.Debug|x64.Build.0 = Debug|Any CPU
		{8F53E028-C64A-4C03-8171-B54FBEFC7B2B}.Debug|x86.ActiveCfg = Debug|Any CPU
		{8F53E028-C64A-4C03-8171-B54FBEFC7B2B}.Debug|x86.Build.0 = Debug|Any CPU
		{8F53E028-C64A-4C03-8171-B54FBEFC7B2B}.Release|Any CPU.ActiveCfg = Release|Any CPU
		{8F53E028-C64A-4C03-8171-B54FBEFC7B2B}.Release|Any CPU.Build.0 = Release|Any CPU
		{8F53E028-C64A-4C03-8171-B54FBEFC7B2B}.Release|x64.ActiveCfg = Release|Any CPU
		{8F53E028-C64A-4C03-8171-B54FBEFC7B2B}.Release|x64.Build.0 = Release|Any CPU
		{8F53E028-C64A-4C03-8171-B54FBEFC7B2B}.Release|x86.ActiveCfg = Release|Any CPU
		{8F53E028-C64A-4C03-8171-B54FBEFC7B2B}.Release|x86.Build.0 = Release|Any CPU
		{A1DCDA8C-F2F5-420A-A607-A828E6BD5BF8}.Debug|Any CPU.ActiveCfg = Debug|Any CPU
		{A1DCDA8C-F2F5-420A-A607-A828E6BD5BF8}.Debug|Any CPU.Build.0 = Debug|Any CPU
		{A1DCDA8C-F2F5-420A-A607-A828E6BD5BF8}.Debug|x64.ActiveCfg = Debug|Any CPU
		{A1DCDA8C-F2F5-420A-A607-A828E6BD5BF8}.Debug|x64.Build.0 = Debug|Any CPU
		{A1DCDA8C-F2F5-420A-A607-A828E6BD5BF8}.Debug|x86.ActiveCfg = Debug|Any CPU
		{A1DCDA8C-F2F5-420A-A607-A828E6BD5BF8}.Debug|x86.Build.0 = Debug|Any CPU
		{A1DCDA8C-F2F5-420A-A607-A828E6BD5BF8}.Release|Any CPU.ActiveCfg = Release|Any CPU
		{A1DCDA8C-F2F5-420A-A607-A828E6BD5BF8}.Release|Any CPU.Build.0 = Release|Any CPU
		{A1DCDA8C-F2F5-420A-A607-A828E6BD5BF8}.Release|x64.ActiveCfg = Release|Any CPU
		{A1DCDA8C-F2F5-420A-A607-A828E6BD5BF8}.Release|x64.Build.0 = Release|Any CPU
		{A1DCDA8C-F2F5-420A-A607-A828E6BD5BF8}.Release|x86.ActiveCfg = Release|Any CPU
		{A1DCDA8C-F2F5-420A-A607-A828E6BD5BF8}.Release|x86.Build.0 = Release|Any CPU
		{1A1EAF40-0635-4E29-9152-5C8D9B6E42F3}.Debug|Any CPU.ActiveCfg = Debug|Any CPU
		{1A1EAF40-0635-4E29-9152-5C8D9B6E42F3}.Debug|Any CPU.Build.0 = Debug|Any CPU
		{1A1EAF40-0635-4E29-9152-5C8D9B6E42F3}.Debug|x64.ActiveCfg = Debug|Any CPU
		{1A1EAF40-0635-4E29-9152-5C8D9B6E42F3}.Debug|x64.Build.0 = Debug|Any CPU
		{1A1EAF40-0635-4E29-9152-5C8D9B6E42F3}.Debug|x86.ActiveCfg = Debug|Any CPU
		{1A1EAF40-0635-4E29-9152-5C8D9B6E42F3}.Debug|x86.Build.0 = Debug|Any CPU
		{1A1EAF40-0635-4E29-9152-5C8D9B6E42F3}.Release|Any CPU.ActiveCfg = Release|Any CPU
		{1A1EAF40-0635-4E29-9152-5C8D9B6E42F3}.Release|Any CPU.Build.0 = Release|Any CPU
		{1A1EAF40-0635-4E29-9152-5C8D9B6E42F3}.Release|x64.ActiveCfg = Release|Any CPU
		{1A1EAF40-0635-4E29-9152-5C8D9B6E42F3}.Release|x64.Build.0 = Release|Any CPU
		{1A1EAF40-0635-4E29-9152-5C8D9B6E42F3}.Release|x86.ActiveCfg = Release|Any CPU
		{1A1EAF40-0635-4E29-9152-5C8D9B6E42F3}.Release|x86.Build.0 = Release|Any CPU
		{CD010357-E305-43B4-88F9-BEACB984035D}.Debug|Any CPU.ActiveCfg = Debug|Any CPU
		{CD010357-E305-43B4-88F9-BEACB984035D}.Debug|Any CPU.Build.0 = Debug|Any CPU
		{CD010357-E305-43B4-88F9-BEACB984035D}.Debug|x64.ActiveCfg = Debug|Any CPU
		{CD010357-E305-43B4-88F9-BEACB984035D}.Debug|x64.Build.0 = Debug|Any CPU
		{CD010357-E305-43B4-88F9-BEACB984035D}.Debug|x86.ActiveCfg = Debug|Any CPU
		{CD010357-E305-43B4-88F9-BEACB984035D}.Debug|x86.Build.0 = Debug|Any CPU
		{CD010357-E305-43B4-88F9-BEACB984035D}.Release|Any CPU.ActiveCfg = Release|Any CPU
		{CD010357-E305-43B4-88F9-BEACB984035D}.Release|Any CPU.Build.0 = Release|Any CPU
		{CD010357-E305-43B4-88F9-BEACB984035D}.Release|x64.ActiveCfg = Release|Any CPU
		{CD010357-E305-43B4-88F9-BEACB984035D}.Release|x64.Build.0 = Release|Any CPU
		{CD010357-E305-43B4-88F9-BEACB984035D}.Release|x86.ActiveCfg = Release|Any CPU
		{CD010357-E305-43B4-88F9-BEACB984035D}.Release|x86.Build.0 = Release|Any CPU
	EndGlobalSection
	GlobalSection(SolutionProperties) = preSolution
		HideSolutionNode = FALSE
	EndGlobalSection
	GlobalSection(NestedProjects) = preSolution
		{F8411210-42D1-4D54-AAA3-8C57F179A5F7} = {9F1DF61C-58AA-4B4A-AE31-22C0D335B3D5}
		{0C8A301E-16C5-4A17-89C5-0A0FA8EFA7B5} = {9F1DF61C-58AA-4B4A-AE31-22C0D335B3D5}
		{EECCED89-B23E-468B-AE2F-23613DFCE343} = {9F1DF61C-58AA-4B4A-AE31-22C0D335B3D5}
		{DEB95944-77A1-4590-88E9-C813984D94E9} = {75A0AF8C-1B1D-44F8-9E4E-9B6D49A7C59D}
		{3EC9C1AC-0D9F-4D9F-ABC3-FF6D50575FEB} = {75A0AF8C-1B1D-44F8-9E4E-9B6D49A7C59D}
		{4CBC7393-99E5-47EA-BA16-EA22D920D627} = {75A0AF8C-1B1D-44F8-9E4E-9B6D49A7C59D}
		{05F2DAF4-B21B-4429-966C-029EAA1924BB} = {75A0AF8C-1B1D-44F8-9E4E-9B6D49A7C59D}
		{E47446A5-06B8-443F-BA8E-E4CA0BD1BC85} = {75A0AF8C-1B1D-44F8-9E4E-9B6D49A7C59D}
		{AC4D8FE1-E504-4899-BABA-B940BE94E519} = {0EC9D4BF-E30E-4D9E-9F7B-35C26A7CFFCB}
		{5FE01026-C60B-464D-8594-BC2ADBBA7E7E} = {0EC9D4BF-E30E-4D9E-9F7B-35C26A7CFFCB}
		{4CA4F8DC-6EE8-4025-A4B1-1B0A61FAB2D1} = {0EC9D4BF-E30E-4D9E-9F7B-35C26A7CFFCB}
		{A49261B8-85A7-43D7-9A4E-1A22EAC4AAB4} = {0EC9D4BF-E30E-4D9E-9F7B-35C26A7CFFCB}
		{B357CEA9-A4EE-4618-9058-43D0EDE9A7AD} = {0EC9D4BF-E30E-4D9E-9F7B-35C26A7CFFCB}
		{C31C0603-EB13-4835-9DCE-B733F5ECBB4A} = {0EC9D4BF-E30E-4D9E-9F7B-35C26A7CFFCB}
		{A27CE962-A7B3-4B84-B024-27EEB8264B6A} = {0EC9D4BF-E30E-4D9E-9F7B-35C26A7CFFCB}
		{B1B74D95-C38B-448A-B4EC-6F6B2EF313B1} = {0EC9D4BF-E30E-4D9E-9F7B-35C26A7CFFCB}
		{8F53E028-C64A-4C03-8171-B54FBEFC7B2B} = {75A0AF8C-1B1D-44F8-9E4E-9B6D49A7C59D}
		{A1DCDA8C-F2F5-420A-A607-A828E6BD5BF8} = {9F1DF61C-58AA-4B4A-AE31-22C0D335B3D5}
		{1A1EAF40-0635-4E29-9152-5C8D9B6E42F3} = {75A0AF8C-1B1D-44F8-9E4E-9B6D49A7C59D}
		{CD010357-E305-43B4-88F9-BEACB984035D} = {0EC9D4BF-E30E-4D9E-9F7B-35C26A7CFFCB}
	EndGlobalSection
EndGlobal
