
Microsoft Visual Studio Solution File, Format Version 12.00
# Visual Studio Version 17
VisualStudioVersion = 17.5.2.0
MinimumVisualStudioVersion = 10.0.40219.1
Project("{FAE04EC0-301F-11D3-BF4B-00C04F79EFBC}") = "Ecliptix.Core.Desktop", "Ecliptix.Core.Desktop.csproj", "{7BA3DDB9-77B5-CE0F-BFC3-8877570CCBD6}"
EndProject
Project("{FAE04EC0-301F-11D3-BF4B-00C04F79EFBC}") = "Ecliptix.Core", "..\Ecliptix.Core\Ecliptix.Core.csproj", "{9B2C870A-E39F-4D88-AA2C-02CFA1E675DE}"
EndProject
Project("{FAE04EC0-301F-11D3-BF4B-00C04F79EFBC}") = "Ecliptix.Core.Modularity", "..\..\Ecliptix.Core.Modularity\Ecliptix.Core.Modularity.csproj", "{0C8A301E-16C5-4A17-89C5-0A0FA8EFA7B5}"
EndProject
Project("{FAE04EC0-301F-11D3-BF4B-00C04F79EFBC}") = "Ecliptix.Opaque.Protocol", "..\..\Ecliptix.Opaque.Protocol\Ecliptix.Opaque.Protocol.csproj", "{D2E9C2CE-BB7F-4336-9329-D8F7223A5E0F}"
EndProject
Project("{FAE04EC0-301F-11D3-BF4B-00C04F79EFBC}") = "Ecliptix.Utilities", "..\..\Ecliptix.Utilities\Ecliptix.Utilities.csproj", "{C9D848B6-21BB-4BE2-A24A-2E51AA19EDDB}"
EndProject
Project("{FAE04EC0-301F-11D3-BF4B-00C04F79EFBC}") = "Ecliptix.Protobufs", "..\..\Ecliptix.Protobufs\Ecliptix.Protobufs.csproj", "{1E757771-7B8C-45AD-B120-42419AAAE838}"
EndProject
Project("{FAE04EC0-301F-11D3-BF4B-00C04F79EFBC}") = "Ecliptix.Protocol.System", "..\..\Ecliptix.Protocol.System\Ecliptix.Protocol.System.csproj", "{BFEA34CF-7866-414F-BAB7-DC1D7F659784}"
EndProject
Project("{FAE04EC0-301F-11D3-BF4B-00C04F79EFBC}") = "Ecliptix.Security.Certificate.Pinning", "..\..\Ecliptix.Security.Certificate.Pinning\Ecliptix.Security.Certificate.Pinning.csproj", "{E7AA0EFF-5918-4437-AE17-7781FD2175FC}"
EndProject
Project("{FAE04EC0-301F-11D3-BF4B-00C04F79EFBC}") = "Ecliptix.Feature.Authentication", "..\..\Ecliptix.Feature.Authentication\Ecliptix.Feature.Authentication.csproj", "{4938BE90-652D-4659-9125-F9BED1B6783F}"
EndProject
Project("{FAE04EC0-301F-11D3-BF4B-00C04F79EFBC}") = "Ecliptix.Feature.Chats", "..\..\Ecliptix.Feature.Chats\Ecliptix.Feature.Chats.csproj", "{C0426BE7-AAB2-48BB-B91B-6FBDB910DD49}"
EndProject
Project("{FAE04EC0-301F-11D3-BF4B-00C04F79EFBC}") = "Ecliptix.Feature.Feed", "..\..\Ecliptix.Feature.Feed\Ecliptix.Feature.Feed.csproj", "{29867165-F6B3-433E-B890-BBCE734EB83E}"
EndProject
Project("{FAE04EC0-301F-11D3-BF4B-00C04F79EFBC}") = "Ecliptix.Feature.Profile", "..\..\Ecliptix.Feature.Profile\Ecliptix.Feature.Profile.csproj", "{CEA1361F-0B5F-465A-B3B8-75EE8715E8DE}"
EndProject
Project("{FAE04EC0-301F-11D3-BF4B-00C04F79EFBC}") = "Ecliptix.Feature.Main", "..\..\Ecliptix.Feature.Main\Ecliptix.Feature.Main.csproj", "{8725C6EA-8CAE-4DEF-A680-0C554E8C0B8F}"
EndProject
Project("{FAE04EC0-301F-11D3-BF4B-00C04F79EFBC}") = "Ecliptix.Feature.Settings", "..\..\Ecliptix.Feature.Settings\Ecliptix.Feature.Settings.csproj", "{6D82D577-CF2C-4D91-B7F6-1395FCC46CD4}"
EndProject
Project("{FAE04EC0-301F-11D3-BF4B-00C04F79EFBC}") = "Ecliptix.Feature.Splash", "..\..\Ecliptix.Feature.Splash\Ecliptix.Feature.Splash.csproj", "{E56C4440-8073-40B9-88C1-07AF3DAEA71D}"
EndProject
Project("{FAE04EC0-301F-11D3-BF4B-00C04F79EFBC}") = "Ecliptix.Feature.Suggestions", "..\..\Ecliptix.Feature.Suggestions\Ecliptix.Feature.Suggestions.csproj", "{A5745200-374D-4190-B8B7-3901DB18F9EA}"
EndProject
Project("{FAE04EC0-301F-11D3-BF4B-00C04F79EFBC}") = "Ecliptix.Network", "..\..\Ecliptix.Network\Ecliptix.Network.csproj", "{13886BCD-4849-4210-BB1E-D35CD3EC2435}"
EndProject
Project("{FAE04EC0-301F-11D3-BF4B-00C04F79EFBC}") = "Ecliptix.Core.Messaging", "..\..\Ecliptix.Core.Messaging\Ecliptix.Core.Messaging.csproj", "{AF920BDE-4FB9-4B36-9CE3-EA3AFBE2220A}"
EndProject
Project("{FAE04EC0-301F-11D3-BF4B-00C04F79EFBC}") = "Ecliptix.Contracts", "..\..\Ecliptix.Contracts\Ecliptix.Contracts.csproj", "{1A1EAF40-0635-4E29-9152-5C8D9B6E42F3}"
EndProject
Global
	GlobalSection(SolutionConfigurationPlatforms) = preSolution
		Debug|Any CPU = Debug|Any CPU
		Debug|x64 = Debug|x64
		Debug|x86 = Debug|x86
		Release|Any CPU = Release|Any CPU
		Release|x64 = Release|x64
		Release|x86 = Release|x86
	EndGlobalSection
	GlobalSection(ProjectConfigurationPlatforms) = postSolution
		{7BA3DDB9-77B5-CE0F-BFC3-8877570CCBD6}.Debug|Any CPU.ActiveCfg = Debug|Any CPU
		{7BA3DDB9-77B5-CE0F-BFC3-8877570CCBD6}.Debug|Any CPU.Build.0 = Debug|Any CPU
		{7BA3DDB9-77B5-CE0F-BFC3-8877570CCBD6}.Debug|x64.ActiveCfg = Debug|Any CPU
		{7BA3DDB9-77B5-CE0F-BFC3-8877570CCBD6}.Debug|x64.Build.0 = Debug|Any CPU
		{7BA3DDB9-77B5-CE0F-BFC3-8877570CCBD6}.Debug|x86.ActiveCfg = Debug|Any CPU
		{7BA3DDB9-77B5-CE0F-BFC3-8877570CCBD6}.Debug|x86.Build.0 = Debug|Any CPU
		{7BA3DDB9-77B5-CE0F-BFC3-8877570CCBD6}.Release|Any CPU.ActiveCfg = Release|Any CPU
		{7BA3DDB9-77B5-CE0F-BFC3-8877570CCBD6}.Release|Any CPU.Build.0 = Release|Any CPU
		{7BA3DDB9-77B5-CE0F-BFC3-8877570CCBD6}.Release|x64.ActiveCfg = Release|Any CPU
		{7BA3DDB9-77B5-CE0F-BFC3-8877570CCBD6}.Release|x64.Build.0 = Release|Any CPU
		{7BA3DDB9-77B5-CE0F-BFC3-8877570CCBD6}.Release|x86.ActiveCfg = Release|Any CPU
		{7BA3DDB9-77B5-CE0F-BFC3-8877570CCBD6}.Release|x86.Build.0 = Release|Any CPU
		{9B2C870A-E39F-4D88-AA2C-02CFA1E675DE}.Debug|Any CPU.ActiveCfg = Debug|Any CPU
		{9B2C870A-E39F-4D88-AA2C-02CFA1E675DE}.Debug|Any CPU.Build.0 = Debug|Any CPU
		{9B2C870A-E39F-4D88-AA2C-02CFA1E675DE}.Debug|x64.ActiveCfg = Debug|Any CPU
		{9B2C870A-E39F-4D88-AA2C-02CFA1E675DE}.Debug|x64.Build.0 = Debug|Any CPU
		{9B2C870A-E39F-4D88-AA2C-02CFA1E675DE}.Debug|x86.ActiveCfg = Debug|Any CPU
		{9B2C870A-E39F-4D88-AA2C-02CFA1E675DE}.Debug|x86.Build.0 = Debug|Any CPU
		{9B2C870A-E39F-4D88-AA2C-02CFA1E675DE}.Release|Any CPU.ActiveCfg = Release|Any CPU
		{9B2C870A-E39F-4D88-AA2C-02CFA1E675DE}.Release|Any CPU.Build.0 = Release|Any CPU
		{9B2C870A-E39F-4D88-AA2C-02CFA1E675DE}.Release|x64.ActiveCfg = Release|Any CPU
		{9B2C870A-E39F-4D88-AA2C-02CFA1E675DE}.Release|x64.Build.0 = Release|Any CPU
		{9B2C870A-E39F-4D88-AA2C-02CFA1E675DE}.Release|x86.ActiveCfg = Release|Any CPU
		{9B2C870A-E39F-4D88-AA2C-02CFA1E675DE}.Release|x86.Build.0 = Release|Any CPU
		{D2E9C2CE-BB7F-4336-9329-D8F7223A5E0F}.Debug|Any CPU.ActiveCfg = Debug|Any CPU
		{D2E9C2CE-BB7F-4336-9329-D8F7223A5E0F}.Debug|Any CPU.Build.0 = Debug|Any CPU
		{D2E9C2CE-BB7F-4336-9329-D8F7223A5E0F}.Debug|x64.ActiveCfg = Debug|Any CPU
		{D2E9C2CE-BB7F-4336-9329-D8F7223A5E0F}.Debug|x64.Build.0 = Debug|Any CPU
		{D2E9C2CE-BB7F-4336-9329-D8F7223A5E0F}.Debug|x86.ActiveCfg = Debug|Any CPU
		{D2E9C2CE-BB7F-4336-9329-D8F7223A5E0F}.Debug|x86.Build.0 = Debug|Any CPU
		{D2E9C2CE-BB7F-4336-9329-D8F7223A5E0F}.Release|Any CPU.ActiveCfg = Release|Any CPU
		{D2E9C2CE-BB7F-4336-9329-D8F7223A5E0F}.Release|Any CPU.Build.0 = Release|Any CPU
		{D2E9C2CE-BB7F-4336-9329-D8F7223A5E0F}.Release|x64.ActiveCfg = Release|Any CPU
		{D2E9C2CE-BB7F-4336-9329-D8F7223A5E0F}.Release|x64.Build.0 = Release|Any CPU
		{D2E9C2CE-BB7F-4336-9329-D8F7223A5E0F}.Release|x86.ActiveCfg = Release|Any CPU
		{D2E9C2CE-BB7F-4336-9329-D8F7223A5E0F}.Release|x86.Build.0 = Release|Any CPU
		{C9D848B6-21BB-4BE2-A24A-2E51AA19EDDB}.Debug|Any CPU.ActiveCfg = Debug|Any CPU
		{C9D848B6-21BB-4BE2-A24A-2E51AA19EDDB}.Debug|Any CPU.Build.0 = Debug|Any CPU
		{C9D848B6-21BB-4BE2-A24A-2E51AA19EDDB}.Debug|x64.ActiveCfg = Debug|Any CPU
		{C9D848B6-21BB-4BE2-A24A-2E51AA19EDDB}.Debug|x64.Build.0 = Debug|Any CPU
		{C9D848B6-21BB-4BE2-A24A-2E51AA19EDDB}.Debug|x86.ActiveCfg = Debug|Any CPU
		{C9D848B6-21BB-4BE2-A24A-2E51AA19EDDB}.Debug|x86.Build.0 = Debug|Any CPU
		{C9D848B6-21BB-4BE2-A24A-2E51AA19EDDB}.Release|Any CPU.ActiveCfg = Release|Any CPU
		{C9D848B6-21BB-4BE2-A24A-2E51AA19EDDB}.Release|Any CPU.Build.0 = Release|Any CPU
		{C9D848B6-21BB-4BE2-A24A-2E51AA19EDDB}.Release|x64.ActiveCfg = Release|Any CPU
		{C9D848B6-21BB-4BE2-A24A-2E51AA19EDDB}.Release|x64.Build.0 = Release|Any CPU
		{C9D848B6-21BB-4BE2-A24A-2E51AA19EDDB}.Release|x86.ActiveCfg = Release|Any CPU
		{C9D848B6-21BB-4BE2-A24A-2E51AA19EDDB}.Release|x86.Build.0 = Release|Any CPU
		{1E757771-7B8C-45AD-B120-42419AAAE838}.Debug|Any CPU.ActiveCfg = Debug|Any CPU
		{1E757771-7B8C-45AD-B120-42419AAAE838}.Debug|Any CPU.Build.0 = Debug|Any CPU
		{1E757771-7B8C-45AD-B120-42419AAAE838}.Debug|x64.ActiveCfg = Debug|Any CPU
		{1E757771-7B8C-45AD-B120-42419AAAE838}.Debug|x64.Build.0 = Debug|Any CPU
		{1E757771-7B8C-45AD-B120-42419AAAE838}.Debug|x86.ActiveCfg = Debug|Any CPU
		{1E757771-7B8C-45AD-B120-42419AAAE838}.Debug|x86.Build.0 = Debug|Any CPU
		{1E757771-7B8C-45AD-B120-42419AAAE838}.Release|Any CPU.ActiveCfg = Release|Any CPU
		{1E757771-7B8C-45AD-B120-42419AAAE838}.Release|Any CPU.Build.0 = Release|Any CPU
		{1E757771-7B8C-45AD-B120-42419AAAE838}.Release|x64.ActiveCfg = Release|Any CPU
		{1E757771-7B8C-45AD-B120-42419AAAE838}.Release|x64.Build.0 = Release|Any CPU
		{1E757771-7B8C-45AD-B120-42419AAAE838}.Release|x86.ActiveCfg = Release|Any CPU
		{1E757771-7B8C-45AD-B120-42419AAAE838}.Release|x86.Build.0 = Release|Any CPU
		{BFEA34CF-7866-414F-BAB7-DC1D7F659784}.Debug|Any CPU.ActiveCfg = Debug|Any CPU
		{BFEA34CF-7866-414F-BAB7-DC1D7F659784}.Debug|Any CPU.Build.0 = Debug|Any CPU
		{BFEA34CF-7866-414F-BAB7-DC1D7F659784}.Debug|x64.ActiveCfg = Debug|Any CPU
		{BFEA34CF-7866-414F-BAB7-DC1D7F659784}.Debug|x64.Build.0 = Debug|Any CPU
		{BFEA34CF-7866-414F-BAB7-DC1D7F659784}.Debug|x86.ActiveCfg = Debug|Any CPU
		{BFEA34CF-7866-414F-BAB7-DC1D7F659784}.Debug|x86.Build.0 = Debug|Any CPU
		{BFEA34CF-7866-414F-BAB7-DC1D7F659784}.Release|Any CPU.ActiveCfg = Release|Any CPU
		{BFEA34CF-7866-414F-BAB7-DC1D7F659784}.Release|Any CPU.Build.0 = Release|Any CPU
		{BFEA34CF-7866-414F-BAB7-DC1D7F659784}.Release|x64.ActiveCfg = Release|Any CPU
		{BFEA34CF-7866-414F-BAB7-DC1D7F659784}.Release|x64.Build.0 = Release|Any CPU
		{BFEA34CF-7866-414F-BAB7-DC1D7F659784}.Release|x86.ActiveCfg = Release|Any CPU
		{BFEA34CF-7866-414F-BAB7-DC1D7F659784}.Release|x86.Build.0 = Release|Any CPU
		{E7AA0EFF-5918-4437-AE17-7781FD2175FC}.Debug|Any CPU.ActiveCfg = Debug|Any CPU
		{E7AA0EFF-5918-4437-AE17-7781FD2175FC}.Debug|Any CPU.Build.0 = Debug|Any CPU
		{E7AA0EFF-5918-4437-AE17-7781FD2175FC}.Debug|x64.ActiveCfg = Debug|Any CPU
		{E7AA0EFF-5918-4437-AE17-7781FD2175FC}.Debug|x64.Build.0 = Debug|Any CPU
		{E7AA0EFF-5918-4437-AE17-7781FD2175FC}.Debug|x86.ActiveCfg = Debug|Any CPU
		{E7AA0EFF-5918-4437-AE17-7781FD2175FC}.Debug|x86.Build.0 = Debug|Any CPU
		{E7AA0EFF-5918-4437-AE17-7781FD2175FC}.Release|Any CPU.ActiveCfg = Release|Any CPU
		{E7AA0EFF-5918-4437-AE17-7781FD2175FC}.Release|Any CPU.Build.0 = Release|Any CPU
		{E7AA0EFF-5918-4437-AE17-7781FD2175FC}.Release|x64.ActiveCfg = Release|Any CPU
		{E7AA0EFF-5918-4437-AE17-7781FD2175FC}.Release|x64.Build.0 = Release|Any CPU
		{E7AA0EFF-5918-4437-AE17-7781FD2175FC}.Release|x86.ActiveCfg = Release|Any CPU
		{E7AA0EFF-5918-4437-AE17-7781FD2175FC}.Release|x86.Build.0 = Release|Any CPU
		{4938BE90-652D-4659-9125-F9BED1B6783F}.Debug|Any CPU.ActiveCfg = Debug|Any CPU
		{4938BE90-652D-4659-9125-F9BED1B6783F}.Debug|Any CPU.Build.0 = Debug|Any CPU
		{4938BE90-652D-4659-9125-F9BED1B6783F}.Debug|x64.ActiveCfg = Debug|Any CPU
		{4938BE90-652D-4659-9125-F9BED1B6783F}.Debug|x64.Build.0 = Debug|Any CPU
		{4938BE90-652D-4659-9125-F9BED1B6783F}.Debug|x86.ActiveCfg = Debug|Any CPU
		{4938BE90-652D-4659-9125-F9BED1B6783F}.Debug|x86.Build.0 = Debug|Any CPU
		{4938BE90-652D-4659-9125-F9BED1B6783F}.Release|Any CPU.ActiveCfg = Release|Any CPU
		{4938BE90-652D-4659-9125-F9BED1B6783F}.Release|Any CPU.Build.0 = Release|Any CPU
		{4938BE90-652D-4659-9125-F9BED1B6783F}.Release|x64.ActiveCfg = Release|Any CPU
		{4938BE90-652D-4659-9125-F9BED1B6783F}.Release|x64.Build.0 = Release|Any CPU
		{4938BE90-652D-4659-9125-F9BED1B6783F}.Release|x86.ActiveCfg = Release|Any CPU
		{4938BE90-652D-4659-9125-F9BED1B6783F}.Release|x86.Build.0 = Release|Any CPU
		{C0426BE7-AAB2-48BB-B91B-6FBDB910DD49}.Debug|Any CPU.ActiveCfg = Debug|Any CPU
		{C0426BE7-AAB2-48BB-B91B-6FBDB910DD49}.Debug|Any CPU.Build.0 = Debug|Any CPU
		{C0426BE7-AAB2-48BB-B91B-6FBDB910DD49}.Debug|x64.ActiveCfg = Debug|Any CPU
		{C0426BE7-AAB2-48BB-B91B-6FBDB910DD49}.Debug|x64.Build.0 = Debug|Any CPU
		{C0426BE7-AAB2-48BB-B91B-6FBDB910DD49}.Debug|x86.ActiveCfg = Debug|Any CPU
		{C0426BE7-AAB2-48BB-B91B-6FBDB910DD49}.Debug|x86.Build.0 = Debug|Any CPU
		{C0426BE7-AAB2-48BB-B91B-6FBDB910DD49}.Release|Any CPU.ActiveCfg = Release|Any CPU
		{C0426BE7-AAB2-48BB-B91B-6FBDB910DD49}.Release|Any CPU.Build.0 = Release|Any CPU
		{C0426BE7-AAB2-48BB-B91B-6FBDB910DD49}.Release|x64.ActiveCfg = Release|Any CPU
		{C0426BE7-AAB2-48BB-B91B-6FBDB910DD49}.Release|x64.Build.0 = Release|Any CPU
		{C0426BE7-AAB2-48BB-B91B-6FBDB910DD49}.Release|x86.ActiveCfg = Release|Any CPU
		{C0426BE7-AAB2-48BB-B91B-6FBDB910DD49}.Release|x86.Build.0 = Release|Any CPU
		{29867165-F6B3-433E-B890-BBCE734EB83E}.Debug|Any CPU.ActiveCfg = Debug|Any CPU
		{29867165-F6B3-433E-B890-BBCE734EB83E}.Debug|Any CPU.Build.0 = Debug|Any CPU
		{29867165-F6B3-433E-B890-BBCE734EB83E}.Debug|x64.ActiveCfg = Debug|Any CPU
		{29867165-F6B3-433E-B890-BBCE734EB83E}.Debug|x64.Build.0 = Debug|Any CPU
		{29867165-F6B3-433E-B890-BBCE734EB83E}.Debug|x86.ActiveCfg = Debug|Any CPU
		{29867165-F6B3-433E-B890-BBCE734EB83E}.Debug|x86.Build.0 = Debug|Any CPU
		{29867165-F6B3-433E-B890-BBCE734EB83E}.Release|Any CPU.ActiveCfg = Release|Any CPU
		{29867165-F6B3-433E-B890-BBCE734EB83E}.Release|Any CPU.Build.0 = Release|Any CPU
		{29867165-F6B3-433E-B890-BBCE734EB83E}.Release|x64.ActiveCfg = Release|Any CPU
		{29867165-F6B3-433E-B890-BBCE734EB83E}.Release|x64.Build.0 = Release|Any CPU
		{29867165-F6B3-433E-B890-BBCE734EB83E}.Release|x86.ActiveCfg = Release|Any CPU
		{29867165-F6B3-433E-B890-BBCE734EB83E}.Release|x86.Build.0 = Release|Any CPU
		{CEA1361F-0B5F-465A-B3B8-75EE8715E8DE}.Debug|Any CPU.ActiveCfg = Debug|Any CPU
		{CEA1361F-0B5F-465A-B3B8-75EE8715E8DE}.Debug|Any CPU.Build.0 = Debug|Any CPU
		{CEA1361F-0B5F-465A-B3B8-75EE8715E8DE}.Debug|x64.ActiveCfg = Debug|Any CPU
		{CEA1361F-0B5F-465A-B3B8-75EE8715E8DE}.Debug|x64.Build.0 = Debug|Any CPU
		{CEA1361F-0B5F-465A-B3B8-75EE8715E8DE}.Debug|x86.ActiveCfg = Debug|Any CPU
		{CEA1361F-0B5F-465A-B3B8-75EE8715E8DE}.Debug|x86.Build.0 = Debug|Any CPU
		{CEA1361F-0B5F-465A-B3B8-75EE8715E8DE}.Release|Any CPU.ActiveCfg = Release|Any CPU
		{CEA1361F-0B5F-465A-B3B8-75EE8715E8DE}.Release|Any CPU.Build.0 = Release|Any CPU
		{CEA1361F-0B5F-465A-B3B8-75EE8715E8DE}.Release|x64.ActiveCfg = Release|Any CPU
		{CEA1361F-0B5F-465A-B3B8-75EE8715E8DE}.Release|x64.Build.0 = Release|Any CPU
		{CEA1361F-0B5F-465A-B3B8-75EE8715E8DE}.Release|x86.ActiveCfg = Release|Any CPU
		{CEA1361F-0B5F-465A-B3B8-75EE8715E8DE}.Release|x86.Build.0 = Release|Any CPU
		{8725C6EA-8CAE-4DEF-A680-0C554E8C0B8F}.Debug|Any CPU.ActiveCfg = Debug|Any CPU
		{8725C6EA-8CAE-4DEF-A680-0C554E8C0B8F}.Debug|Any CPU.Build.0 = Debug|Any CPU
		{8725C6EA-8CAE-4DEF-A680-0C554E8C0B8F}.Debug|x64.ActiveCfg = Debug|Any CPU
		{8725C6EA-8CAE-4DEF-A680-0C554E8C0B8F}.Debug|x64.Build.0 = Debug|Any CPU
		{8725C6EA-8CAE-4DEF-A680-0C554E8C0B8F}.Debug|x86.ActiveCfg = Debug|Any CPU
		{8725C6EA-8CAE-4DEF-A680-0C554E8C0B8F}.Debug|x86.Build.0 = Debug|Any CPU
		{8725C6EA-8CAE-4DEF-A680-0C554E8C0B8F}.Release|Any CPU.ActiveCfg = Release|Any CPU
		{8725C6EA-8CAE-4DEF-A680-0C554E8C0B8F}.Release|Any CPU.Build.0 = Release|Any CPU
		{8725C6EA-8CAE-4DEF-A680-0C554E8C0B8F}.Release|x64.ActiveCfg = Release|Any CPU
		{8725C6EA-8CAE-4DEF-A680-0C554E8C0B8F}.Release|x64.Build.0 = Release|Any CPU
		{8725C6EA-8CAE-4DEF-A680-0C554E8C0B8F}.Release|x86.ActiveCfg = Release|Any CPU
		{8725C6EA-8CAE-4DEF-A680-0C554E8C0B8F}.Release|x86.Build.0 = Release|Any CPU
		{6D82D577-CF2C-4D91-B7F6-1395FCC46CD4}.Debug|Any CPU.ActiveCfg = Debug|Any CPU
		{6D82D577-CF2C-4D91-B7F6-1395FCC46CD4}.Debug|Any CPU.Build.0 = Debug|Any CPU
		{6D82D577-CF2C-4D91-B7F6-1395FCC46CD4}.Debug|x64.ActiveCfg = Debug|Any CPU
		{6D82D577-CF2C-4D91-B7F6-1395FCC46CD4}.Debug|x64.Build.0 = Debug|Any CPU
		{6D82D577-CF2C-4D91-B7F6-1395FCC46CD4}.Debug|x86.ActiveCfg = Debug|Any CPU
		{6D82D577-CF2C-4D91-B7F6-1395FCC46CD4}.Debug|x86.Build.0 = Debug|Any CPU
		{6D82D577-CF2C-4D91-B7F6-1395FCC46CD4}.Release|Any CPU.ActiveCfg = Release|Any CPU
		{6D82D577-CF2C-4D91-B7F6-1395FCC46CD4}.Release|Any CPU.Build.0 = Release|Any CPU
		{6D82D577-CF2C-4D91-B7F6-1395FCC46CD4}.Release|x64.ActiveCfg = Release|Any CPU
		{6D82D577-CF2C-4D91-B7F6-1395FCC46CD4}.Release|x64.Build.0 = Release|Any CPU
		{6D82D577-CF2C-4D91-B7F6-1395FCC46CD4}.Release|x86.ActiveCfg = Release|Any CPU
		{6D82D577-CF2C-4D91-B7F6-1395FCC46CD4}.Release|x86.Build.0 = Release|Any CPU
		{E56C4440-8073-40B9-88C1-07AF3DAEA71D}.Debug|Any CPU.ActiveCfg = Debug|Any CPU
		{E56C4440-8073-40B9-88C1-07AF3DAEA71D}.Debug|Any CPU.Build.0 = Debug|Any CPU
		{E56C4440-8073-40B9-88C1-07AF3DAEA71D}.Debug|x64.ActiveCfg = Debug|Any CPU
		{E56C4440-8073-40B9-88C1-07AF3DAEA71D}.Debug|x64.Build.0 = Debug|Any CPU
		{E56C4440-8073-40B9-88C1-07AF3DAEA71D}.Debug|x86.ActiveCfg = Debug|Any CPU
		{E56C4440-8073-40B9-88C1-07AF3DAEA71D}.Debug|x86.Build.0 = Debug|Any CPU
		{E56C4440-8073-40B9-88C1-07AF3DAEA71D}.Release|Any CPU.ActiveCfg = Release|Any CPU
		{E56C4440-8073-40B9-88C1-07AF3DAEA71D}.Release|Any CPU.Build.0 = Release|Any CPU
		{E56C4440-8073-40B9-88C1-07AF3DAEA71D}.Release|x64.ActiveCfg = Release|Any CPU
		{E56C4440-8073-40B9-88C1-07AF3DAEA71D}.Release|x64.Build.0 = Release|Any CPU
		{E56C4440-8073-40B9-88C1-07AF3DAEA71D}.Release|x86.ActiveCfg = Release|Any CPU
		{E56C4440-8073-40B9-88C1-07AF3DAEA71D}.Release|x86.Build.0 = Release|Any CPU
		{A5745200-374D-4190-B8B7-3901DB18F9EA}.Debug|Any CPU.ActiveCfg = Debug|Any CPU
		{A5745200-374D-4190-B8B7-3901DB18F9EA}.Debug|Any CPU.Build.0 = Debug|Any CPU
		{A5745200-374D-4190-B8B7-3901DB18F9EA}.Debug|x64.ActiveCfg = Debug|Any CPU
		{A5745200-374D-4190-B8B7-3901DB18F9EA}.Debug|x64.Build.0 = Debug|Any CPU
		{A5745200-374D-4190-B8B7-3901DB18F9EA}.Debug|x86.ActiveCfg = Debug|Any CPU
		{A5745200-374D-4190-B8B7-3901DB18F9EA}.Debug|x86.Build.0 = Debug|Any CPU
		{A5745200-374D-4190-B8B7-3901DB18F9EA}.Release|Any CPU.ActiveCfg = Release|Any CPU
		{A5745200-374D-4190-B8B7-3901DB18F9EA}.Release|Any CPU.Build.0 = Release|Any CPU
		{A5745200-374D-4190-B8B7-3901DB18F9EA}.Release|x64.ActiveCfg = Release|Any CPU
		{A5745200-374D-4190-B8B7-3901DB18F9EA}.Release|x64.Build.0 = Release|Any CPU
		{A5745200-374D-4190-B8B7-3901DB18F9EA}.Release|x86.ActiveCfg = Release|Any CPU
		{A5745200-374D-4190-B8B7-3901DB18F9EA}.Release|x86.Build.0 = Release|Any CPU
		{13886BCD-4849-4210-BB1E-D35CD3EC2435}.Debug|Any CPU.ActiveCfg = Debug|Any CPU
		{13886BCD-4849-4210-BB1E-D35CD3EC2435}.Debug|Any CPU.Build.0 = Debug|Any CPU
		{13886BCD-4849-4210-BB1E-D35CD3EC2435}.Debug|x64.ActiveCfg = Debug|Any CPU
		{13886BCD-4849-4210-BB1E-D35CD3EC2435}.Debug|x64.Build.0 = Debug|Any CPU
		{13886BCD-4849-4210-BB1E-D35CD3EC2435}.Debug|x86.ActiveCfg = Debug|Any CPU
		{13886BCD-4849-4210-BB1E-D35CD3EC2435}.Debug|x86.Build.0 = Debug|Any CPU
		{13886BCD-4849-4210-BB1E-D35CD3EC2435}.Release|Any CPU.ActiveCfg = Release|Any CPU
		{13886BCD-4849-4210-BB1E-D35CD3EC2435}.Release|Any CPU.Build.0 = Release|Any CPU
		{13886BCD-4849-4210-BB1E-D35CD3EC2435}.Release|x64.ActiveCfg = Release|Any CPU
		{13886BCD-4849-4210-BB1E-D35CD3EC2435}.Release|x64.Build.0 = Release|Any CPU
		{13886BCD-4849-4210-BB1E-D35CD3EC2435}.Release|x86.ActiveCfg = Release|Any CPU
		{13886BCD-4849-4210-BB1E-D35CD3EC2435}.Release|x86.Build.0 = Release|Any CPU
		{AF920BDE-4FB9-4B36-9CE3-EA3AFBE2220A}.Debug|Any CPU.ActiveCfg = Debug|Any CPU
		{AF920BDE-4FB9-4B36-9CE3-EA3AFBE2220A}.Debug|Any CPU.Build.0 = Debug|Any CPU
		{AF920BDE-4FB9-4B36-9CE3-EA3AFBE2220A}.Debug|x64.ActiveCfg = Debug|Any CPU
		{AF920BDE-4FB9-4B36-9CE3-EA3AFBE2220A}.Debug|x64.Build.0 = Debug|Any CPU
		{AF920BDE-4FB9-4B36-9CE3-EA3AFBE2220A}.Debug|x86.ActiveCfg = Debug|Any CPU
		{AF920BDE-4FB9-4B36-9CE3-EA3AFBE2220A}.Debug|x86.Build.0 = Debug|Any CPU
		{AF920BDE-4FB9-4B36-9CE3-EA3AFBE2220A}.Release|Any CPU.ActiveCfg = Release|Any CPU
		{AF920BDE-4FB9-4B36-9CE3-EA3AFBE2220A}.Release|Any CPU.Build.0 = Release|Any CPU
		{AF920BDE-4FB9-4B36-9CE3-EA3AFBE2220A}.Release|x64.ActiveCfg = Release|Any CPU
		{AF920BDE-4FB9-4B36-9CE3-EA3AFBE2220A}.Release|x64.Build.0 = Release|Any CPU
		{AF920BDE-4FB9-4B36-9CE3-EA3AFBE2220A}.Release|x86.ActiveCfg = Release|Any CPU
		{AF920BDE-4FB9-4B36-9CE3-EA3AFBE2220A}.Release|x86.Build.0 = Release|Any CPU
		{0C8A301E-16C5-4A17-89C5-0A0FA8EFA7B5}.Debug|Any CPU.ActiveCfg = Debug|Any CPU
		{0C8A301E-16C5-4A17-89C5-0A0FA8EFA7B5}.Debug|Any CPU.Build.0 = Debug|Any CPU
		{0C8A301E-16C5-4A17-89C5-0A0FA8EFA7B5}.Debug|x64.ActiveCfg = Debug|Any CPU
		{0C8A301E-16C5-4A17-89C5-0A0FA8EFA7B5}.Debug|x64.Build.0 = Debug|Any CPU
		{0C8A301E-16C5-4A17-89C5-0A0FA8EFA7B5}.Debug|x86.ActiveCfg = Debug|Any CPU
		{0C8A301E-16C5-4A17-89C5-0A0FA8EFA7B5}.Debug|x86.Build.0 = Debug|Any CPU
		{0C8A301E-16C5-4A17-89C5-0A0FA8EFA7B5}.Release|Any CPU.ActiveCfg = Release|Any CPU
		{0C8A301E-16C5-4A17-89C5-0A0FA8EFA7B5}.Release|Any CPU.Build.0 = Release|Any CPU
		{0C8A301E-16C5-4A17-89C5-0A0FA8EFA7B5}.Release|x64.ActiveCfg = Release|Any CPU
		{0C8A301E-16C5-4A17-89C5-0A0FA8EFA7B5}.Release|x64.Build.0 = Release|Any CPU
		{0C8A301E-16C5-4A17-89C5-0A0FA8EFA7B5}.Release|x86.ActiveCfg = Release|Any CPU
		{0C8A301E-16C5-4A17-89C5-0A0FA8EFA7B5}.Release|x86.Build.0 = Release|Any CPU
		{1A1EAF40-0635-4E29-9152-5C8D9B6E42F3}.Debug|Any CPU.ActiveCfg = Debug|Any CPU
		{1A1EAF40-0635-4E29-9152-5C8D9B6E42F3}.Debug|Any CPU.Build.0 = Debug|Any CPU
		{1A1EAF40-0635-4E29-9152-5C8D9B6E42F3}.Debug|x64.ActiveCfg = Debug|Any CPU
		{1A1EAF40-0635-4E29-9152-5C8D9B6E42F3}.Debug|x64.Build.0 = Debug|Any CPU
		{1A1EAF40-0635-4E29-9152-5C8D9B6E42F3}.Debug|x86.ActiveCfg = Debug|Any CPU
		{1A1EAF40-0635-4E29-9152-5C8D9B6E42F3}.Debug|x86.Build.0 = Debug|Any CPU
		{1A1EAF40-0635-4E29-9152-5C8D9B6E42F3}.Release|Any CPU.ActiveCfg = Release|Any CPU
		{1A1EAF40-0635-4E29-9152-5C8D9B6E42F3}.Release|Any CPU.Build.0 = Release|Any CPU
		{1A1EAF40-0635-4E29-9152-5C8D9B6E42F3}.Release|x64.ActiveCfg = Release|Any CPU
		{1A1EAF40-0635-4E29-9152-5C8D9B6E42F3}.Release|x64.Build.0 = Release|Any CPU
		{1A1EAF40-0635-4E29-9152-5C8D9B6E42F3}.Release|x86.ActiveCfg = Release|Any CPU
		{1A1EAF40-0635-4E29-9152-5C8D9B6E42F3}.Release|x86.Build.0 = Release|Any CPU
	EndGlobalSection
	GlobalSection(SolutionProperties) = preSolution
		HideSolutionNode = FALSE
	EndGlobalSection
	GlobalSection(ExtensibilityGlobals) = postSolution
		SolutionGuid = {5160ADD0-289C-4FAB-9F1E-E0F1E09092CE}
	EndGlobalSection
EndGlobal
